
Microsoft Visual Studio Solution File, Format Version 12.00
# Visual Studio Version 17
VisualStudioVersion = 17.0.31903.59
MinimumVisualStudioVersion = 10.0.40219.1
Project("{2150E333-8FDC-42A3-9474-1A3956D46DE8}") = "src", "src", "{3D794663-C06D-4A74-B903-8AE3BE705398}"
EndProject
Project("{9A19103F-16F7-4668-BE54-9A1E7A4F7556}") = "Api", "src\Api\Api.csproj", "{3428FA44-E0E7-4B26-8A0B-27EA1FDEB256}"
EndProject
Project("{2150E333-8FDC-42A3-9474-1A3956D46DE8}") = "test", "test", "{F1B1F0AC-DA5E-47A5-AB6E-CB16C754FBC1}"
EndProject
Project("{FAE04EC0-301F-11D3-BF4B-00C04F79EFBC}") = "Api.UnitTest", "test\Api.UnitTest\Api.UnitTest.csproj", "{7BB4705E-A6DA-4E2E-82FF-0908CFC988D2}"
EndProject
Global
	GlobalSection(SolutionConfigurationPlatforms) = preSolution
		Debug|Any CPU = Debug|Any CPU
		Release|Any CPU = Release|Any CPU
	EndGlobalSection
	GlobalSection(ProjectConfigurationPlatforms) = postSolution
		{3428FA44-E0E7-4B26-8A0B-27EA1FDEB256}.Debug|Any CPU.ActiveCfg = Debug|Any CPU
		{3428FA44-E0E7-4B26-8A0B-27EA1FDEB256}.Debug|Any CPU.Build.0 = Debug|Any CPU
		{3428FA44-E0E7-4B26-8A0B-27EA1FDEB256}.Release|Any CPU.ActiveCfg = Release|Any CPU
		{3428FA44-E0E7-4B26-8A0B-27EA1FDEB256}.Release|Any CPU.Build.0 = Release|Any CPU
		{7BB4705E-A6DA-4E2E-82FF-0908CFC988D2}.Debug|Any CPU.ActiveCfg = Debug|Any CPU
		{7BB4705E-A6DA-4E2E-82FF-0908CFC988D2}.Debug|Any CPU.Build.0 = Debug|Any CPU
		{7BB4705E-A6DA-4E2E-82FF-0908CFC988D2}.Release|Any CPU.ActiveCfg = Release|Any CPU
		{7BB4705E-A6DA-4E2E-82FF-0908CFC988D2}.Release|Any CPU.Build.0 = Release|Any CPU
	EndGlobalSection
	GlobalSection(SolutionProperties) = preSolution
		HideSolutionNode = FALSE
	EndGlobalSection
	GlobalSection(NestedProjects) = preSolution
		{3428FA44-E0E7-4B26-8A0B-27EA1FDEB256} = {3D794663-C06D-4A74-B903-8AE3BE705398}
		{7BB4705E-A6DA-4E2E-82FF-0908CFC988D2} = {F1B1F0AC-DA5E-47A5-AB6E-CB16C754FBC1}
	EndGlobalSection
EndGlobal
